
Microsoft Visual Studio Solution File, Format Version 12.00
# Visual Studio Version 17
VisualStudioVersion = 17.14.36414.22 d17.14
MinimumVisualStudioVersion = 10.0.40219.1
Project("{FAE04EC0-301F-11D3-BF4B-00C04F79EFBC}") = "Dobby", "Dobby.csproj", "{59A26060-6478-468F-845D-1EBD7B132677}"
EndProject
Global
	GlobalSection(SolutionConfigurationPlatforms) = preSolution
		Debug|Any CPU = Debug|Any CPU
		Release|Any CPU = Release|Any CPU
	EndGlobalSection
	GlobalSection(ProjectConfigurationPlatforms) = postSolution
		{59A26060-6478-468F-845D-1EBD7B132677}.Debug|Any CPU.ActiveCfg = Debug|Any CPU
		{59A26060-6478-468F-845D-1EBD7B132677}.Debug|Any CPU.Build.0 = Debug|Any CPU
		{59A26060-6478-468F-845D-1EBD7B132677}.Release|Any CPU.ActiveCfg = Release|Any CPU
		{59A26060-6478-468F-845D-1EBD7B132677}.Release|Any CPU.Build.0 = Release|Any CPU
	EndGlobalSection
	GlobalSection(SolutionProperties) = preSolution
		HideSolutionNode = FALSE
	EndGlobalSection
	GlobalSection(ExtensibilityGlobals) = postSolution
		SolutionGuid = {908FC83B-32DE-4597-8C54-5ECA32EE0B91}
	EndGlobalSection
EndGlobal
